
Microsoft Visual Studio Solution File, Format Version 12.00
Project("{FAE04EC0-301F-11D3-BF4B-00C04F79EFBC}") = "ContactBook", "ContactBook.csproj", "{438B0A2E-590B-4EF0-8A3E-63CB1AF158FB}"
EndProject
Global
	GlobalSection(SolutionConfigurationPlatforms) = preSolution
		Debug|Any CPU = Debug|Any CPU
		Release|Any CPU = Release|Any CPU
	EndGlobalSection
	GlobalSection(ProjectConfigurationPlatforms) = postSolution
		{438B0A2E-590B-4EF0-8A3E-63CB1AF158FB}.Debug|Any CPU.ActiveCfg = Debug|Any CPU
		{438B0A2E-590B-4EF0-8A3E-63CB1AF158FB}.Debug|Any CPU.Build.0 = Debug|Any CPU
		{438B0A2E-590B-4EF0-8A3E-63CB1AF158FB}.Release|Any CPU.ActiveCfg = Release|Any CPU
		{438B0A2E-590B-4EF0-8A3E-63CB1AF158FB}.Release|Any CPU.Build.0 = Release|Any CPU
	EndGlobalSection
EndGlobal
